
Microsoft Visual Studio Solution File, Format Version 12.00
# Visual Studio 14
VisualStudioVersion = 14.0.25420.1
MinimumVisualStudioVersion = 10.0.40219.1
Project("{FAE04EC0-301F-11D3-BF4B-00C04F79EFBC}") = "OGame.Bot.Infrastructure.API", "OGame.Bot.Infrastructure.API\OGame.Bot.Infrastructure.API.csproj", "{725EF847-15C3-47DC-B0E1-9375620A5A47}"
EndProject
Project("{FAE04EC0-301F-11D3-BF4B-00C04F79EFBC}") = "OGame.Bot.Infrastructure.API.Tests", "OGame.Bot.Infrastructure.API.Tests\OGame.Bot.Infrastructure.API.Tests.csproj", "{5AA67F25-E289-4D68-B673-62B55B601A5F}"
EndProject
Project("{FAE04EC0-301F-11D3-BF4B-00C04F79EFBC}") = "OGame.Bot.Domain.Services", "OGame.Bot.Domain.Services\OGame.Bot.Domain.Services.csproj", "{536D9B9A-2FBE-4A1B-9075-D16DBB9BEBA4}"
EndProject
Project("{FAE04EC0-301F-11D3-BF4B-00C04F79EFBC}") = "OGame.Bot.Application", "OGame.Bot.Application\OGame.Bot.Application.csproj", "{8CBBFE9D-E107-4786-AF01-9128293DEAE2}"
EndProject
Project("{FAE04EC0-301F-11D3-BF4B-00C04F79EFBC}") = "OGame.Bot.Domain", "OGame.Bot.Domain\OGame.Bot.Domain.csproj", "{DCD85D68-0311-4038-BCB8-8144A1A3B12F}"
EndProject
Project("{FAE04EC0-301F-11D3-BF4B-00C04F79EFBC}") = "OGame.Bot.Wpf", "OGame.Bot.Wpf\OGame.Bot.Wpf.csproj", "{DBD8F7A8-1EAD-4873-BF25-2BB3EA3EC0EA}"
EndProject
Project("{2150E333-8FDC-42A3-9474-1A3956D46DE8}") = "Modules", "Modules", "{FA69BDA6-336E-4BFE-ACE9-09656A38169C}"
EndProject
Project("{FAE04EC0-301F-11D3-BF4B-00C04F79EFBC}") = "OGame.Bot.Modules.Common", "OGame.Bot.Modules.Common\OGame.Bot.Modules.Common.csproj", "{297F176E-6159-453A-944F-0CE70771385B}"
EndProject
Project("{FAE04EC0-301F-11D3-BF4B-00C04F79EFBC}") = "OGame.Bot.UnitTests", "OGame.Bot.UnitTests\OGame.Bot.UnitTests.csproj", "{F5456AD6-9B05-4962-A15F-DDFDBBBA596F}"
EndProject
Project("{FAE04EC0-301F-11D3-BF4B-00C04F79EFBC}") = "OGame.Bot.SimpleWpf", "OGame.Bot.SimpleWpf\OGame.Bot.SimpleWpf.csproj", "{4F7811C7-B7A5-4CB9-8E0D-C8BC930AFB9A}"
EndProject
Global
	GlobalSection(SolutionConfigurationPlatforms) = preSolution
		Debug|Any CPU = Debug|Any CPU
		Release|Any CPU = Release|Any CPU
	EndGlobalSection
	GlobalSection(ProjectConfigurationPlatforms) = postSolution
		{725EF847-15C3-47DC-B0E1-9375620A5A47}.Debug|Any CPU.ActiveCfg = Debug|Any CPU
		{725EF847-15C3-47DC-B0E1-9375620A5A47}.Debug|Any CPU.Build.0 = Debug|Any CPU
		{725EF847-15C3-47DC-B0E1-9375620A5A47}.Release|Any CPU.ActiveCfg = Release|Any CPU
		{725EF847-15C3-47DC-B0E1-9375620A5A47}.Release|Any CPU.Build.0 = Release|Any CPU
		{5AA67F25-E289-4D68-B673-62B55B601A5F}.Debug|Any CPU.ActiveCfg = Debug|Any CPU
		{5AA67F25-E289-4D68-B673-62B55B601A5F}.Debug|Any CPU.Build.0 = Debug|Any CPU
		{5AA67F25-E289-4D68-B673-62B55B601A5F}.Release|Any CPU.ActiveCfg = Release|Any CPU
		{5AA67F25-E289-4D68-B673-62B55B601A5F}.Release|Any CPU.Build.0 = Release|Any CPU
		{536D9B9A-2FBE-4A1B-9075-D16DBB9BEBA4}.Debug|Any CPU.ActiveCfg = Debug|Any CPU
		{536D9B9A-2FBE-4A1B-9075-D16DBB9BEBA4}.Debug|Any CPU.Build.0 = Debug|Any CPU
		{536D9B9A-2FBE-4A1B-9075-D16DBB9BEBA4}.Release|Any CPU.ActiveCfg = Release|Any CPU
		{536D9B9A-2FBE-4A1B-9075-D16DBB9BEBA4}.Release|Any CPU.Build.0 = Release|Any CPU
		{8CBBFE9D-E107-4786-AF01-9128293DEAE2}.Debug|Any CPU.ActiveCfg = Debug|Any CPU
		{8CBBFE9D-E107-4786-AF01-9128293DEAE2}.Debug|Any CPU.Build.0 = Debug|Any CPU
		{8CBBFE9D-E107-4786-AF01-9128293DEAE2}.Release|Any CPU.ActiveCfg = Release|Any CPU
		{8CBBFE9D-E107-4786-AF01-9128293DEAE2}.Release|Any CPU.Build.0 = Release|Any CPU
		{DCD85D68-0311-4038-BCB8-8144A1A3B12F}.Debug|Any CPU.ActiveCfg = Debug|Any CPU
		{DCD85D68-0311-4038-BCB8-8144A1A3B12F}.Debug|Any CPU.Build.0 = Debug|Any CPU
		{DCD85D68-0311-4038-BCB8-8144A1A3B12F}.Release|Any CPU.ActiveCfg = Release|Any CPU
		{DCD85D68-0311-4038-BCB8-8144A1A3B12F}.Release|Any CPU.Build.0 = Release|Any CPU
		{DBD8F7A8-1EAD-4873-BF25-2BB3EA3EC0EA}.Debug|Any CPU.ActiveCfg = Debug|Any CPU
		{DBD8F7A8-1EAD-4873-BF25-2BB3EA3EC0EA}.Debug|Any CPU.Build.0 = Debug|Any CPU
		{DBD8F7A8-1EAD-4873-BF25-2BB3EA3EC0EA}.Release|Any CPU.ActiveCfg = Release|Any CPU
		{DBD8F7A8-1EAD-4873-BF25-2BB3EA3EC0EA}.Release|Any CPU.Build.0 = Release|Any CPU
		{297F176E-6159-453A-944F-0CE70771385B}.Debug|Any CPU.ActiveCfg = Debug|Any CPU
		{297F176E-6159-453A-944F-0CE70771385B}.Debug|Any CPU.Build.0 = Debug|Any CPU
		{297F176E-6159-453A-944F-0CE70771385B}.Release|Any CPU.ActiveCfg = Release|Any CPU
		{297F176E-6159-453A-944F-0CE70771385B}.Release|Any CPU.Build.0 = Release|Any CPU
		{F5456AD6-9B05-4962-A15F-DDFDBBBA596F}.Debug|Any CPU.ActiveCfg = Debug|Any CPU
		{F5456AD6-9B05-4962-A15F-DDFDBBBA596F}.Debug|Any CPU.Build.0 = Debug|Any CPU
		{F5456AD6-9B05-4962-A15F-DDFDBBBA596F}.Release|Any CPU.ActiveCfg = Release|Any CPU
		{F5456AD6-9B05-4962-A15F-DDFDBBBA596F}.Release|Any CPU.Build.0 = Release|Any CPU
		{4F7811C7-B7A5-4CB9-8E0D-C8BC930AFB9A}.Debug|Any CPU.ActiveCfg = Debug|Any CPU
		{4F7811C7-B7A5-4CB9-8E0D-C8BC930AFB9A}.Debug|Any CPU.Build.0 = Debug|Any CPU
		{4F7811C7-B7A5-4CB9-8E0D-C8BC930AFB9A}.Release|Any CPU.ActiveCfg = Release|Any CPU
		{4F7811C7-B7A5-4CB9-8E0D-C8BC930AFB9A}.Release|Any CPU.Build.0 = Release|Any CPU
	EndGlobalSection
	GlobalSection(SolutionProperties) = preSolution
		HideSolutionNode = FALSE
	EndGlobalSection
	GlobalSection(NestedProjects) = preSolution
		{297F176E-6159-453A-944F-0CE70771385B} = {FA69BDA6-336E-4BFE-ACE9-09656A38169C}
	EndGlobalSection
EndGlobal
